
Microsoft Visual Studio Solution File, Format Version 12.00
# Visual Studio 15
VisualStudioVersion = 15.0.27130.2003
MinimumVisualStudioVersion = 10.0.40219.1
Project("{8BC9CEB8-8B4A-11D0-8D11-00A0C91BC942}") = "BluePardTempChamberDriver", "BluePardTempChamberDriver\BluePardTempChamberDriver.vcxproj", "{90A682A9-6AC3-4891-B3F8-5C1BD5CD8491}"
EndProject
Global
	GlobalSection(SolutionConfigurationPlatforms) = preSolution
		Debug|x64 = Debug|x64
		Debug|x86 = Debug|x86
		Release|x64 = Release|x64
		Release|x86 = Release|x86
	EndGlobalSection
	GlobalSection(ProjectConfigurationPlatforms) = postSolution
		{90A682A9-6AC3-4891-B3F8-5C1BD5CD8491}.Debug|x64.ActiveCfg = Debug|x64
		{90A682A9-6AC3-4891-B3F8-5C1BD5CD8491}.Debug|x64.Build.0 = Debug|x64
		{90A682A9-6AC3-4891-B3F8-5C1BD5CD8491}.Debug|x86.ActiveCfg = Debug|Win32
		{90A682A9-6AC3-4891-B3F8-5C1BD5CD8491}.Debug|x86.Build.0 = Debug|Win32
		{90A682A9-6AC3-4891-B3F8-5C1BD5CD8491}.Release|x64.ActiveCfg = Release|x64
		{90A682A9-6AC3-4891-B3F8-5C1BD5CD8491}.Release|x64.Build.0 = Release|x64
		{90A682A9-6AC3-4891-B3F8-5C1BD5CD8491}.Release|x86.ActiveCfg = Release|Win32
		{90A682A9-6AC3-4891-B3F8-5C1BD5CD8491}.Release|x86.Build.0 = Release|Win32
	EndGlobalSection
	GlobalSection(SolutionProperties) = preSolution
		HideSolutionNode = FALSE
	EndGlobalSection
	GlobalSection(ExtensibilityGlobals) = postSolution
		SolutionGuid = {B7D36E56-1B60-4ED6-950A-E1A47A88BFD1}
	EndGlobalSection
EndGlobal
